
Microsoft Visual Studio Solution File, Format Version 11.00
# Visual Studio 2010
Project("{FAE04EC0-301F-11D3-BF4B-00C04F79EFBC}") = "Online0318", "Online0318\Online0318.csproj", "{C19119C1-CE87-465D-8D03-13271023D686}"
EndProject
Project("{FAE04EC0-301F-11D3-BF4B-00C04F79EFBC}") = "WindowsFormsApplication2", "WindowsFormsApplication2\WindowsFormsApplication2.csproj", "{5130E013-FAA9-4888-A5D8-6234BD4FBDD7}"
EndProject
Global
	GlobalSection(SolutionConfigurationPlatforms) = preSolution
		Debug|Any CPU = Debug|Any CPU
		Debug|Mixed Platforms = Debug|Mixed Platforms
		Debug|x86 = Debug|x86
		Release|Any CPU = Release|Any CPU
		Release|Mixed Platforms = Release|Mixed Platforms
		Release|x86 = Release|x86
	EndGlobalSection
	GlobalSection(ProjectConfigurationPlatforms) = postSolution
		{C19119C1-CE87-465D-8D03-13271023D686}.Debug|Any CPU.ActiveCfg = Debug|x86
		{C19119C1-CE87-465D-8D03-13271023D686}.Debug|Mixed Platforms.ActiveCfg = Debug|x86
		{C19119C1-CE87-465D-8D03-13271023D686}.Debug|Mixed Platforms.Build.0 = Debug|x86
		{C19119C1-CE87-465D-8D03-13271023D686}.Debug|x86.ActiveCfg = Debug|x86
		{C19119C1-CE87-465D-8D03-13271023D686}.Debug|x86.Build.0 = Debug|x86
		{C19119C1-CE87-465D-8D03-13271023D686}.Release|Any CPU.ActiveCfg = Release|x86
		{C19119C1-CE87-465D-8D03-13271023D686}.Release|Mixed Platforms.ActiveCfg = Release|x86
		{C19119C1-CE87-465D-8D03-13271023D686}.Release|Mixed Platforms.Build.0 = Release|x86
		{C19119C1-CE87-465D-8D03-13271023D686}.Release|x86.ActiveCfg = Release|x86
		{C19119C1-CE87-465D-8D03-13271023D686}.Release|x86.Build.0 = Release|x86
		{5130E013-FAA9-4888-A5D8-6234BD4FBDD7}.Debug|Any CPU.ActiveCfg = Debug|x86
		{5130E013-FAA9-4888-A5D8-6234BD4FBDD7}.Debug|Mixed Platforms.ActiveCfg = Debug|x86
		{5130E013-FAA9-4888-A5D8-6234BD4FBDD7}.Debug|Mixed Platforms.Build.0 = Debug|x86
		{5130E013-FAA9-4888-A5D8-6234BD4FBDD7}.Debug|x86.ActiveCfg = Debug|x86
		{5130E013-FAA9-4888-A5D8-6234BD4FBDD7}.Debug|x86.Build.0 = Debug|x86
		{5130E013-FAA9-4888-A5D8-6234BD4FBDD7}.Release|Any CPU.ActiveCfg = Release|x86
		{5130E013-FAA9-4888-A5D8-6234BD4FBDD7}.Release|Mixed Platforms.ActiveCfg = Release|x86
		{5130E013-FAA9-4888-A5D8-6234BD4FBDD7}.Release|Mixed Platforms.Build.0 = Release|x86
		{5130E013-FAA9-4888-A5D8-6234BD4FBDD7}.Release|x86.ActiveCfg = Release|x86
		{5130E013-FAA9-4888-A5D8-6234BD4FBDD7}.Release|x86.Build.0 = Release|x86
	EndGlobalSection
	GlobalSection(SolutionProperties) = preSolution
		HideSolutionNode = FALSE
	EndGlobalSection
EndGlobal
